
Microsoft Visual Studio Solution File, Format Version 12.00
# Visual Studio Version 16
VisualStudioVersion = 16.0.29709.97
MinimumVisualStudioVersion = 10.0.40219.1
Project("{FAE04EC0-301F-11D3-BF4B-00C04F79EFBC}") = "AwesomeApp.Android", "AwesomeApp\AwesomeApp.Android\AwesomeApp.Android.csproj", "{974F8296-1899-4E2B-88CF-BBA1622A4255}"
EndProject
Project("{FAE04EC0-301F-11D3-BF4B-00C04F79EFBC}") = "AwesomeApp.iOS", "AwesomeApp\AwesomeApp.iOS\AwesomeApp.iOS.csproj", "{11834B4E-D78A-4102-99EC-1997C92A00C8}"
EndProject
Project("{FAE04EC0-301F-11D3-BF4B-00C04F79EFBC}") = "AwesomeApp", "AwesomeApp\AwesomeApp\AwesomeApp.csproj", "{9DCF65E5-A6E0-4D50-A89E-ED83D3493C39}"
EndProject
Global
	GlobalSection(SolutionConfigurationPlatforms) = preSolution
		Debug|Any CPU = Debug|Any CPU
		Debug|iPhone = Debug|iPhone
		Debug|iPhoneSimulator = Debug|iPhoneSimulator
		Release|Any CPU = Release|Any CPU
		Release|iPhone = Release|iPhone
		Release|iPhoneSimulator = Release|iPhoneSimulator
	EndGlobalSection
	GlobalSection(ProjectConfigurationPlatforms) = postSolution
		{974F8296-1899-4E2B-88CF-BBA1622A4255}.Debug|Any CPU.ActiveCfg = Debug|Any CPU
		{974F8296-1899-4E2B-88CF-BBA1622A4255}.Debug|Any CPU.Build.0 = Debug|Any CPU
		{974F8296-1899-4E2B-88CF-BBA1622A4255}.Debug|Any CPU.Deploy.0 = Debug|Any CPU
		{974F8296-1899-4E2B-88CF-BBA1622A4255}.Debug|iPhone.ActiveCfg = Debug|Any CPU
		{974F8296-1899-4E2B-88CF-BBA1622A4255}.Debug|iPhone.Build.0 = Debug|Any CPU
		{974F8296-1899-4E2B-88CF-BBA1622A4255}.Debug|iPhone.Deploy.0 = Debug|Any CPU
		{974F8296-1899-4E2B-88CF-BBA1622A4255}.Debug|iPhoneSimulator.ActiveCfg = Debug|Any CPU
		{974F8296-1899-4E2B-88CF-BBA1622A4255}.Debug|iPhoneSimulator.Build.0 = Debug|Any CPU
		{974F8296-1899-4E2B-88CF-BBA1622A4255}.Debug|iPhoneSimulator.Deploy.0 = Debug|Any CPU
		{974F8296-1899-4E2B-88CF-BBA1622A4255}.Release|Any CPU.ActiveCfg = Release|Any CPU
		{974F8296-1899-4E2B-88CF-BBA1622A4255}.Release|Any CPU.Build.0 = Release|Any CPU
		{974F8296-1899-4E2B-88CF-BBA1622A4255}.Release|Any CPU.Deploy.0 = Release|Any CPU
		{974F8296-1899-4E2B-88CF-BBA1622A4255}.Release|iPhone.ActiveCfg = Release|Any CPU
		{974F8296-1899-4E2B-88CF-BBA1622A4255}.Release|iPhone.Build.0 = Release|Any CPU
		{974F8296-1899-4E2B-88CF-BBA1622A4255}.Release|iPhone.Deploy.0 = Release|Any CPU
		{974F8296-1899-4E2B-88CF-BBA1622A4255}.Release|iPhoneSimulator.ActiveCfg = Release|Any CPU
		{974F8296-1899-4E2B-88CF-BBA1622A4255}.Release|iPhoneSimulator.Build.0 = Release|Any CPU
		{974F8296-1899-4E2B-88CF-BBA1622A4255}.Release|iPhoneSimulator.Deploy.0 = Release|Any CPU
		{11834B4E-D78A-4102-99EC-1997C92A00C8}.Debug|Any CPU.ActiveCfg = Debug|iPhoneSimulator
		{11834B4E-D78A-4102-99EC-1997C92A00C8}.Debug|Any CPU.Build.0 = Debug|iPhoneSimulator
		{11834B4E-D78A-4102-99EC-1997C92A00C8}.Debug|Any CPU.Deploy.0 = Debug|iPhoneSimulator
		{11834B4E-D78A-4102-99EC-1997C92A00C8}.Debug|iPhone.ActiveCfg = Debug|iPhone
		{11834B4E-D78A-4102-99EC-1997C92A00C8}.Debug|iPhone.Build.0 = Debug|iPhone
		{11834B4E-D78A-4102-99EC-1997C92A00C8}.Debug|iPhone.Deploy.0 = Debug|iPhone
		{11834B4E-D78A-4102-99EC-1997C92A00C8}.Debug|iPhoneSimulator.ActiveCfg = Debug|iPhoneSimulator
		{11834B4E-D78A-4102-99EC-1997C92A00C8}.Debug|iPhoneSimulator.Build.0 = Debug|iPhoneSimulator
		{11834B4E-D78A-4102-99EC-1997C92A00C8}.Debug|iPhoneSimulator.Deploy.0 = Debug|iPhoneSimulator
		{11834B4E-D78A-4102-99EC-1997C92A00C8}.Release|Any CPU.ActiveCfg = Release|iPhone
		{11834B4E-D78A-4102-99EC-1997C92A00C8}.Release|Any CPU.Build.0 = Release|iPhone
		{11834B4E-D78A-4102-99EC-1997C92A00C8}.Release|Any CPU.Deploy.0 = Release|iPhone
		{11834B4E-D78A-4102-99EC-1997C92A00C8}.Release|iPhone.ActiveCfg = Release|iPhone
		{11834B4E-D78A-4102-99EC-1997C92A00C8}.Release|iPhone.Build.0 = Release|iPhone
		{11834B4E-D78A-4102-99EC-1997C92A00C8}.Release|iPhone.Deploy.0 = Release|iPhone
		{11834B4E-D78A-4102-99EC-1997C92A00C8}.Release|iPhoneSimulator.ActiveCfg = Release|iPhoneSimulator
		{11834B4E-D78A-4102-99EC-1997C92A00C8}.Release|iPhoneSimulator.Build.0 = Release|iPhoneSimulator
		{11834B4E-D78A-4102-99EC-1997C92A00C8}.Release|iPhoneSimulator.Deploy.0 = Release|iPhoneSimulator
		{9DCF65E5-A6E0-4D50-A89E-ED83D3493C39}.Debug|Any CPU.ActiveCfg = Debug|Any CPU
		{9DCF65E5-A6E0-4D50-A89E-ED83D3493C39}.Debug|Any CPU.Build.0 = Debug|Any CPU
		{9DCF65E5-A6E0-4D50-A89E-ED83D3493C39}.Debug|Any CPU.Deploy.0 = Debug|Any CPU
		{9DCF65E5-A6E0-4D50-A89E-ED83D3493C39}.Debug|iPhone.ActiveCfg = Debug|Any CPU
		{9DCF65E5-A6E0-4D50-A89E-ED83D3493C39}.Debug|iPhone.Build.0 = Debug|Any CPU
		{9DCF65E5-A6E0-4D50-A89E-ED83D3493C39}.Debug|iPhone.Deploy.0 = Debug|Any CPU
		{9DCF65E5-A6E0-4D50-A89E-ED83D3493C39}.Debug|iPhoneSimulator.ActiveCfg = Debug|Any CPU
		{9DCF65E5-A6E0-4D50-A89E-ED83D3493C39}.Debug|iPhoneSimulator.Build.0 = Debug|Any CPU
		{9DCF65E5-A6E0-4D50-A89E-ED83D3493C39}.Debug|iPhoneSimulator.Deploy.0 = Debug|Any CPU
		{9DCF65E5-A6E0-4D50-A89E-ED83D3493C39}.Release|Any CPU.ActiveCfg = Release|Any CPU
		{9DCF65E5-A6E0-4D50-A89E-ED83D3493C39}.Release|Any CPU.Build.0 = Release|Any CPU
		{9DCF65E5-A6E0-4D50-A89E-ED83D3493C39}.Release|Any CPU.Deploy.0 = Release|Any CPU
		{9DCF65E5-A6E0-4D50-A89E-ED83D3493C39}.Release|iPhone.ActiveCfg = Release|Any CPU
		{9DCF65E5-A6E0-4D50-A89E-ED83D3493C39}.Release|iPhone.Build.0 = Release|Any CPU
		{9DCF65E5-A6E0-4D50-A89E-ED83D3493C39}.Release|iPhone.Deploy.0 = Release|Any CPU
		{9DCF65E5-A6E0-4D50-A89E-ED83D3493C39}.Release|iPhoneSimulator.ActiveCfg = Release|Any CPU
		{9DCF65E5-A6E0-4D50-A89E-ED83D3493C39}.Release|iPhoneSimulator.Build.0 = Release|Any CPU
		{9DCF65E5-A6E0-4D50-A89E-ED83D3493C39}.Release|iPhoneSimulator.Deploy.0 = Release|Any CPU
	EndGlobalSection
	GlobalSection(SolutionProperties) = preSolution
		HideSolutionNode = FALSE
	EndGlobalSection
	GlobalSection(ExtensibilityGlobals) = postSolution
		SolutionGuid = {4CE11019-BE25-4533-8355-ACF5A4652C7A}
	EndGlobalSection
EndGlobal
